
Microsoft Visual Studio Solution File, Format Version 12.00
# Visual Studio 14
VisualStudioVersion = 14.0.25420.1
MinimumVisualStudioVersion = 10.0.40219.1
Project("{F2A71F9B-5D33-465A-A702-920D77279786}") = "BookMate.ConsoleClient", "BookMate.ConsoleClient\BookMate.ConsoleClient.fsproj", "{F624ED4B-8B09-4B57-98FA-5CC1A5775656}"
EndProject
Project("{F2A71F9B-5D33-465A-A702-920D77279786}") = "BookMate.Core", "BookMate.Core\BookMate.Core.fsproj", "{7D012BB9-68F7-44D8-B8BF-E72164BFF1C2}"
EndProject
Project("{F2A71F9B-5D33-465A-A702-920D77279786}") = "BookMate.Integration", "BookMate.Integration\BookMate.Integration.fsproj", "{7505300A-2F5C-4695-BDA4-3E59B6A0F3EC}"
EndProject
Project("{F2A71F9B-5D33-465A-A702-920D77279786}") = "BookMate.Processing", "BookMate.Processing\BookMate.Processing.fsproj", "{252DD9E8-009D-4205-9A7E-13FCB9FF5D5F}"
EndProject
Project("{F2A71F9B-5D33-465A-A702-920D77279786}") = "BookMate.Web", "BookMate.Web\BookMate.Web.fsproj", "{BA5C31E0-06C3-44F1-8E5A-ED6F0BFB1BAA}"
EndProject
Global
	GlobalSection(SolutionConfigurationPlatforms) = preSolution
		Debug|Any CPU = Debug|Any CPU
		Release|Any CPU = Release|Any CPU
	EndGlobalSection
	GlobalSection(ProjectConfigurationPlatforms) = postSolution
		{F624ED4B-8B09-4B57-98FA-5CC1A5775656}.Debug|Any CPU.ActiveCfg = Debug|Any CPU
		{F624ED4B-8B09-4B57-98FA-5CC1A5775656}.Debug|Any CPU.Build.0 = Debug|Any CPU
		{F624ED4B-8B09-4B57-98FA-5CC1A5775656}.Release|Any CPU.ActiveCfg = Release|Any CPU
		{F624ED4B-8B09-4B57-98FA-5CC1A5775656}.Release|Any CPU.Build.0 = Release|Any CPU
		{7D012BB9-68F7-44D8-B8BF-E72164BFF1C2}.Debug|Any CPU.ActiveCfg = Debug|Any CPU
		{7D012BB9-68F7-44D8-B8BF-E72164BFF1C2}.Debug|Any CPU.Build.0 = Debug|Any CPU
		{7D012BB9-68F7-44D8-B8BF-E72164BFF1C2}.Release|Any CPU.ActiveCfg = Release|Any CPU
		{7D012BB9-68F7-44D8-B8BF-E72164BFF1C2}.Release|Any CPU.Build.0 = Release|Any CPU
		{7505300A-2F5C-4695-BDA4-3E59B6A0F3EC}.Debug|Any CPU.ActiveCfg = Debug|Any CPU
		{7505300A-2F5C-4695-BDA4-3E59B6A0F3EC}.Debug|Any CPU.Build.0 = Debug|Any CPU
		{7505300A-2F5C-4695-BDA4-3E59B6A0F3EC}.Release|Any CPU.ActiveCfg = Release|Any CPU
		{7505300A-2F5C-4695-BDA4-3E59B6A0F3EC}.Release|Any CPU.Build.0 = Release|Any CPU
		{252DD9E8-009D-4205-9A7E-13FCB9FF5D5F}.Debug|Any CPU.ActiveCfg = Debug|Any CPU
		{252DD9E8-009D-4205-9A7E-13FCB9FF5D5F}.Debug|Any CPU.Build.0 = Debug|Any CPU
		{252DD9E8-009D-4205-9A7E-13FCB9FF5D5F}.Release|Any CPU.ActiveCfg = Release|Any CPU
		{252DD9E8-009D-4205-9A7E-13FCB9FF5D5F}.Release|Any CPU.Build.0 = Release|Any CPU
		{BA5C31E0-06C3-44F1-8E5A-ED6F0BFB1BAA}.Debug|Any CPU.ActiveCfg = Debug|Any CPU
		{BA5C31E0-06C3-44F1-8E5A-ED6F0BFB1BAA}.Debug|Any CPU.Build.0 = Debug|Any CPU
		{BA5C31E0-06C3-44F1-8E5A-ED6F0BFB1BAA}.Release|Any CPU.ActiveCfg = Release|Any CPU
		{BA5C31E0-06C3-44F1-8E5A-ED6F0BFB1BAA}.Release|Any CPU.Build.0 = Release|Any CPU
	EndGlobalSection
	GlobalSection(SolutionProperties) = preSolution
		HideSolutionNode = FALSE
	EndGlobalSection
EndGlobal
